{
  "name": "eindproject",
  "version": "1.0.0",
  "lockfileVersion": 2,
  "requires": true,
  "packages": {
    "": {
      "name": "eindproject",
      "version": "1.0.0",
      "license": "MIT",
      "dependencies": {
        "maphilight": "^1.4.2"
      }
    },
    "node_modules/jquery": {
      "version": "3.6.3",
      "resolved": "https://registry.npmjs.org/jquery/-/jquery-3.6.3.tgz",
      "integrity": "sha512-bZ5Sy3YzKo9Fyc8wH2iIQK4JImJ6R0GWI9kL1/k7Z91ZBNgkRXE6U0JfHIizZbort8ZunhSI3jw9I6253ahKfg=="
    },
    "node_modules/maphilight": {
      "version": "1.4.2",
      "resolved": "https://registry.npmjs.org/maphilight/-/maphilight-1.4.2.tgz",
      "integrity": "sha512-afddnOFDNW0AgElDxHYHtsoIwaLZ8LxxukHv4ORLgok/PAEEdInM/cL9svA8xJc7Jys76DR2hICW8nGkhy2SWQ==",
      "dependencies": {
        "jquery": "^3.0.0"
      }
    }
  },
  "dependencies": {
    "jquery": {
      "version": "3.6.3",
      "resolved": "https://registry.npmjs.org/jquery/-/jquery-3.6.3.tgz",
      "integrity": "sha512-bZ5Sy3YzKo9Fyc8wH2iIQK4JImJ6R0GWI9kL1/k7Z91ZBNgkRXE6U0JfHIizZbort8ZunhSI3jw9I6253ahKfg=="
    },
    "maphilight": {
      "version": "1.4.2",
      "resolved": "https://registry.npmjs.org/maphilight/-/maphilight-1.4.2.tgz",
      "integrity": "sha512-afddnOFDNW0AgElDxHYHtsoIwaLZ8LxxukHv4ORLgok/PAEEdInM/cL9svA8xJc7Jys76DR2hICW8nGkhy2SWQ==",
      "requires": {
        "jquery": "^3.0.0"
      }
    }
  }
}
